
Microsoft Visual Studio Solution File, Format Version 12.00
# Visual Studio Version 16
VisualStudioVersion = 16.0.29728.190
MinimumVisualStudioVersion = 10.0.40219.1
Project("{FAE04EC0-301F-11D3-BF4B-00C04F79EFBC}") = "Task11_840", "Task11_840\Task11_840.csproj", "{288160FE-B632-4C8D-AC30-57A3B754896C}"
EndProject
Global
	GlobalSection(SolutionConfigurationPlatforms) = preSolution
		Debug|Any CPU = Debug|Any CPU
		Release|Any CPU = Release|Any CPU
	EndGlobalSection
	GlobalSection(ProjectConfigurationPlatforms) = postSolution
		{288160FE-B632-4C8D-AC30-57A3B754896C}.Debug|Any CPU.ActiveCfg = Debug|Any CPU
		{288160FE-B632-4C8D-AC30-57A3B754896C}.Debug|Any CPU.Build.0 = Debug|Any CPU
		{288160FE-B632-4C8D-AC30-57A3B754896C}.Release|Any CPU.ActiveCfg = Release|Any CPU
		{288160FE-B632-4C8D-AC30-57A3B754896C}.Release|Any CPU.Build.0 = Release|Any CPU
	EndGlobalSection
	GlobalSection(SolutionProperties) = preSolution
		HideSolutionNode = FALSE
	EndGlobalSection
	GlobalSection(ExtensibilityGlobals) = postSolution
		SolutionGuid = {453E88E0-E2D7-435B-9DAB-D5F798EB8405}
	EndGlobalSection
EndGlobal
