
Microsoft Visual Studio Solution File, Format Version 12.00
# Visual Studio Version 16
VisualStudioVersion = 16.0.29728.190
MinimumVisualStudioVersion = 10.0.40219.1
Project("{FAE04EC0-301F-11D3-BF4B-00C04F79EFBC}") = "Task4_119B", "Task4_119B\Task4_119B.csproj", "{323C288C-11DC-4AFA-8E5C-8B8FA236996E}"
EndProject
Global
	GlobalSection(SolutionConfigurationPlatforms) = preSolution
		Debug|Any CPU = Debug|Any CPU
		Release|Any CPU = Release|Any CPU
	EndGlobalSection
	GlobalSection(ProjectConfigurationPlatforms) = postSolution
		{323C288C-11DC-4AFA-8E5C-8B8FA236996E}.Debug|Any CPU.ActiveCfg = Debug|Any CPU
		{323C288C-11DC-4AFA-8E5C-8B8FA236996E}.Debug|Any CPU.Build.0 = Debug|Any CPU
		{323C288C-11DC-4AFA-8E5C-8B8FA236996E}.Release|Any CPU.ActiveCfg = Release|Any CPU
		{323C288C-11DC-4AFA-8E5C-8B8FA236996E}.Release|Any CPU.Build.0 = Release|Any CPU
	EndGlobalSection
	GlobalSection(SolutionProperties) = preSolution
		HideSolutionNode = FALSE
	EndGlobalSection
	GlobalSection(ExtensibilityGlobals) = postSolution
		SolutionGuid = {72E2D596-FBE0-48EF-A858-218B7A95FA56}
	EndGlobalSection
EndGlobal
