
Microsoft Visual Studio Solution File, Format Version 12.00
# Visual Studio Version 16
VisualStudioVersion = 16.0.29728.190
MinimumVisualStudioVersion = 10.0.40219.1
Project("{FAE04EC0-301F-11D3-BF4B-00C04F79EFBC}") = "Task6_2", "Task6_2\Task6_2.csproj", "{3EB392C3-4165-4127-923B-7DC7B318E270}"
EndProject
Global
	GlobalSection(SolutionConfigurationPlatforms) = preSolution
		Debug|Any CPU = Debug|Any CPU
		Release|Any CPU = Release|Any CPU
	EndGlobalSection
	GlobalSection(ProjectConfigurationPlatforms) = postSolution
		{3EB392C3-4165-4127-923B-7DC7B318E270}.Debug|Any CPU.ActiveCfg = Debug|Any CPU
		{3EB392C3-4165-4127-923B-7DC7B318E270}.Debug|Any CPU.Build.0 = Debug|Any CPU
		{3EB392C3-4165-4127-923B-7DC7B318E270}.Release|Any CPU.ActiveCfg = Release|Any CPU
		{3EB392C3-4165-4127-923B-7DC7B318E270}.Release|Any CPU.Build.0 = Release|Any CPU
	EndGlobalSection
	GlobalSection(SolutionProperties) = preSolution
		HideSolutionNode = FALSE
	EndGlobalSection
	GlobalSection(ExtensibilityGlobals) = postSolution
		SolutionGuid = {D142470C-EDDC-4778-A798-A2AF594FF3E2}
	EndGlobalSection
EndGlobal
